
Microsoft Visual Studio Solution File, Format Version 12.00
# Visual Studio Version 16
VisualStudioVersion = 16.0.30114.105
MinimumVisualStudioVersion = 10.0.40219.1
Project("{FAE04EC0-301F-11D3-BF4B-00C04F79EFBC}") = "Model", "Model\Model.csproj", "{EE66A7CC-0646-4D42-9D5F-C152C7E46E99}"
EndProject
Project("{FAE04EC0-301F-11D3-BF4B-00C04F79EFBC}") = "Enums", "Enums\Enums.csproj", "{FE00C5CC-3166-4118-91CC-CA5E30A80868}"
EndProject
Project("{FAE04EC0-301F-11D3-BF4B-00C04F79EFBC}") = "DTO", "DTO\DTO.csproj", "{AACE2C9A-9294-4A42-A7B0-4ACDED6BBACE}"
EndProject
Project("{FAE04EC0-301F-11D3-BF4B-00C04F79EFBC}") = "Interfaces", "Interfaces\Interfaces.csproj", "{A6E289E0-75B2-4ED3-B3EB-D562C4F6B167}"
EndProject
Global
	GlobalSection(SolutionConfigurationPlatforms) = preSolution
		Debug|Any CPU = Debug|Any CPU
		Release|Any CPU = Release|Any CPU
	EndGlobalSection
	GlobalSection(SolutionProperties) = preSolution
		HideSolutionNode = FALSE
	EndGlobalSection
	GlobalSection(ProjectConfigurationPlatforms) = postSolution
		{EE66A7CC-0646-4D42-9D5F-C152C7E46E99}.Debug|Any CPU.ActiveCfg = Debug|Any CPU
		{EE66A7CC-0646-4D42-9D5F-C152C7E46E99}.Debug|Any CPU.Build.0 = Debug|Any CPU
		{EE66A7CC-0646-4D42-9D5F-C152C7E46E99}.Release|Any CPU.ActiveCfg = Release|Any CPU
		{EE66A7CC-0646-4D42-9D5F-C152C7E46E99}.Release|Any CPU.Build.0 = Release|Any CPU
		{FE00C5CC-3166-4118-91CC-CA5E30A80868}.Debug|Any CPU.ActiveCfg = Debug|Any CPU
		{FE00C5CC-3166-4118-91CC-CA5E30A80868}.Debug|Any CPU.Build.0 = Debug|Any CPU
		{FE00C5CC-3166-4118-91CC-CA5E30A80868}.Release|Any CPU.ActiveCfg = Release|Any CPU
		{FE00C5CC-3166-4118-91CC-CA5E30A80868}.Release|Any CPU.Build.0 = Release|Any CPU
		{AACE2C9A-9294-4A42-A7B0-4ACDED6BBACE}.Debug|Any CPU.ActiveCfg = Debug|Any CPU
		{AACE2C9A-9294-4A42-A7B0-4ACDED6BBACE}.Debug|Any CPU.Build.0 = Debug|Any CPU
		{AACE2C9A-9294-4A42-A7B0-4ACDED6BBACE}.Release|Any CPU.ActiveCfg = Release|Any CPU
		{AACE2C9A-9294-4A42-A7B0-4ACDED6BBACE}.Release|Any CPU.Build.0 = Release|Any CPU
		{A6E289E0-75B2-4ED3-B3EB-D562C4F6B167}.Debug|Any CPU.ActiveCfg = Debug|Any CPU
		{A6E289E0-75B2-4ED3-B3EB-D562C4F6B167}.Debug|Any CPU.Build.0 = Debug|Any CPU
		{A6E289E0-75B2-4ED3-B3EB-D562C4F6B167}.Release|Any CPU.ActiveCfg = Release|Any CPU
		{A6E289E0-75B2-4ED3-B3EB-D562C4F6B167}.Release|Any CPU.Build.0 = Release|Any CPU
	EndGlobalSection
EndGlobal
